
Microsoft Visual Studio Solution File, Format Version 12.00
# Visual Studio 15
VisualStudioVersion = 15.0.28307.852
MinimumVisualStudioVersion = 10.0.40219.1
Project("{9A19103F-16F7-4668-BE54-9A1E7A4F7556}") = "Sara.Common", "..\Sara-Common\Sara.Common\Sara.Common.csproj", "{2CAF91C7-53CD-4E6F-9FC2-DA6D00E3440E}"
EndProject
Project("{2150E333-8FDC-42A3-9474-1A3956D46DE8}") = "1. Sara-Common", "1. Sara-Common", "{3B05123D-C63B-481B-98A0-83949D91E9D9}"
EndProject
Project("{FAE04EC0-301F-11D3-BF4B-00C04F79EFBC}") = "Sara.Common.Ext", "..\Sara-Common\Sara.Common.Ext\Sara.Common.Ext.csproj", "{B69BA063-021B-43B7-9D30-EFF160F4FBC2}"
EndProject
Project("{9A19103F-16F7-4668-BE54-9A1E7A4F7556}") = "Sara.ReadOnlyDictionary", "..\Sara-Common\Sara.ReadOnlyDictionary\Sara.ReadOnlyDictionary.csproj", "{CA3848E1-45B2-4410-AC3E-0343B98FCC4A}"
EndProject
Project("{2150E333-8FDC-42A3-9474-1A3956D46DE8}") = "2. Sara-Logging", "2. Sara-Logging", "{A4759BBF-A4DA-4CC4-A31B-C15A4821340B}"
EndProject
Project("{9A19103F-16F7-4668-BE54-9A1E7A4F7556}") = "Sara.Logging", "..\Sara-Logging\Sara.Logging\Sara.Logging.csproj", "{7C0A5697-4B45-4EE1-BB35-EDD87A440238}"
EndProject
Project("{FAE04EC0-301F-11D3-BF4B-00C04F79EFBC}") = "Sara.Logging.WinEvent.Writers", "..\Sara-Logging\Sara.Logging.WinEvent.Writers\Sara.Logging.WinEvent.Writers.csproj", "{773F9A23-0158-44C0-B9CA-838EACF7BC59}"
EndProject
Project("{9A19103F-16F7-4668-BE54-9A1E7A4F7556}") = "Sara.Logging.Writers", "..\Sara-Logging\Sara.Logging.Writers\Sara.Logging.Writers.csproj", "{37B29697-A876-42C3-B0C2-32AD83896AB5}"
EndProject
Project("{2150E333-8FDC-42A3-9474-1A3956D46DE8}") = "3. Sara-Data", "3. Sara-Data", "{8B3F4BB3-11CF-4667-8ACA-D834D8DE2439}"
EndProject
Project("{9A19103F-16F7-4668-BE54-9A1E7A4F7556}") = "Sara.Data", "..\Sara-Data\Sara.Data\Sara.Data.csproj", "{71C0F8A4-7133-49E2-9FDE-CE86317B0738}"
EndProject
Project("{2150E333-8FDC-42A3-9474-1A3956D46DE8}") = "4. Sara-Cache", "4. Sara-Cache", "{321C7F97-B715-48F8-A8F8-F08D97919E4C}"
EndProject
Project("{9A19103F-16F7-4668-BE54-9A1E7A4F7556}") = "Sara.Cache", "..\Sara-Cache\Sara.Cache\Sara.Cache.csproj", "{D2F626B5-01F0-4F1B-8A92-BC87D6A1A382}"
EndProject
Project("{2150E333-8FDC-42A3-9474-1A3956D46DE8}") = "5. Sara-WinForm", "5. Sara-WinForm", "{F1BC3400-510C-4A85-8F4F-7262BDA08516}"
EndProject
Project("{FAE04EC0-301F-11D3-BF4B-00C04F79EFBC}") = "Sara.WinForm", "..\Sara-WinForm\Sara.WinForm\Sara.WinForm.csproj", "{53EAD60B-DF68-4A37-9813-E2FC2DB144B1}"
EndProject
Project("{FAE04EC0-301F-11D3-BF4B-00C04F79EFBC}") = "Sara.WinForm.MVVM", "..\Sara-WinForm\Sara.WinForm.MVVM\Sara.WinForm.MVVM.csproj", "{8EADDB83-A31E-4F48-8467-ADE49CB7D446}"
EndProject
Project("{FAE04EC0-301F-11D3-BF4B-00C04F79EFBC}") = "Sara.WinForm.Notification", "..\Sara-WinForm\Sara.WinForm.Notification\Sara.WinForm.Notification.csproj", "{95DB357D-9D41-4469-B752-85D68245F77B}"
EndProject
Project("{2150E333-8FDC-42A3-9474-1A3956D46DE8}") = "6. Sara-MonitorScript", "6. Sara-MonitorScript", "{6C41C38B-38C1-4515-8175-A3E97BCBB55A}"
EndProject
Project("{2150E333-8FDC-42A3-9474-1A3956D46DE8}") = "7. Sara-LogReader", "7. Sara-LogReader", "{05A25E2F-056E-49A8-9647-AB758FCCCC58}"
EndProject
Project("{9A19103F-16F7-4668-BE54-9A1E7A4F7556}") = "Sara.MonitorScript", "..\Sara-MonitorScript\Sara.MonitorScript\Sara.MonitorScript.csproj", "{12CA0FEC-458B-409E-9572-78BBC1C1D1F5}"
EndProject
Project("{9A19103F-16F7-4668-BE54-9A1E7A4F7556}") = "Sara.LogReader.Common", "..\Sara-LogReader\Sara.LogReader.Common\Sara.LogReader.Common.csproj", "{DD68BBED-D2CD-429C-9FF9-F816B80C22DC}"
EndProject
Project("{FAE04EC0-301F-11D3-BF4B-00C04F79EFBC}") = "Sara.LogReader.Model", "..\Sara-LogReader\Sara.LogReader.Model\Sara.LogReader.Model.csproj", "{5E1EE99C-55F1-4C14-B585-57039E875187}"
EndProject
Project("{FAE04EC0-301F-11D3-BF4B-00C04F79EFBC}") = "Sara.LogReader.Service", "..\Sara-LogReader\Sara.LogReader.Service\Sara.LogReader.Service.csproj", "{F398FCA4-01C6-4733-AB5A-7F6697E24227}"
EndProject
Project("{2150E333-8FDC-42A3-9474-1A3956D46DE8}") = "8. Sara-LogReader.WinForm", "8. Sara-LogReader.WinForm", "{A29CA26C-2A4C-414A-ACC2-54C55D257F11}"
EndProject
Project("{FAE04EC0-301F-11D3-BF4B-00C04F79EFBC}") = "Sara.LogReader.WinForm", "..\Sara-LogReader\Sara.LogReader.WinForm\Sara.LogReader.WinForm.csproj", "{E91D27C6-D805-43D6-8ACE-E27D8F5B89AB}"
EndProject
Project("{2150E333-8FDC-42A3-9474-1A3956D46DE8}") = "0. Components", "0. Components", "{BE5890BD-5B3D-4323-8AC5-5CDA744CED51}"
EndProject
Project("{FAE04EC0-301F-11D3-BF4B-00C04F79EFBC}") = "FastColoredTextBox", "..\FastColoredTextBox\FastColoredTextBox\FastColoredTextBox.csproj", "{6DD14A85-CCFC-4774-BD26-0F5772512319}"
EndProject
Project("{FAE04EC0-301F-11D3-BF4B-00C04F79EFBC}") = "WinFormsUI", "..\dockpanelsuite\WinFormsUI\WinFormsUI.csproj", "{C75532C4-765B-418E-B09B-46D36B2ABDB1}"
EndProject
Global
	GlobalSection(SolutionConfigurationPlatforms) = preSolution
		Debug|Any CPU = Debug|Any CPU
		Release|Any CPU = Release|Any CPU
	EndGlobalSection
	GlobalSection(ProjectConfigurationPlatforms) = postSolution
		{2CAF91C7-53CD-4E6F-9FC2-DA6D00E3440E}.Debug|Any CPU.ActiveCfg = Debug|Any CPU
		{2CAF91C7-53CD-4E6F-9FC2-DA6D00E3440E}.Debug|Any CPU.Build.0 = Debug|Any CPU
		{2CAF91C7-53CD-4E6F-9FC2-DA6D00E3440E}.Release|Any CPU.ActiveCfg = Release|Any CPU
		{2CAF91C7-53CD-4E6F-9FC2-DA6D00E3440E}.Release|Any CPU.Build.0 = Release|Any CPU
		{B69BA063-021B-43B7-9D30-EFF160F4FBC2}.Debug|Any CPU.ActiveCfg = Debug|Any CPU
		{B69BA063-021B-43B7-9D30-EFF160F4FBC2}.Debug|Any CPU.Build.0 = Debug|Any CPU
		{B69BA063-021B-43B7-9D30-EFF160F4FBC2}.Release|Any CPU.ActiveCfg = Release|Any CPU
		{B69BA063-021B-43B7-9D30-EFF160F4FBC2}.Release|Any CPU.Build.0 = Release|Any CPU
		{CA3848E1-45B2-4410-AC3E-0343B98FCC4A}.Debug|Any CPU.ActiveCfg = Debug|Any CPU
		{CA3848E1-45B2-4410-AC3E-0343B98FCC4A}.Debug|Any CPU.Build.0 = Debug|Any CPU
		{CA3848E1-45B2-4410-AC3E-0343B98FCC4A}.Release|Any CPU.ActiveCfg = Release|Any CPU
		{CA3848E1-45B2-4410-AC3E-0343B98FCC4A}.Release|Any CPU.Build.0 = Release|Any CPU
		{7C0A5697-4B45-4EE1-BB35-EDD87A440238}.Debug|Any CPU.ActiveCfg = Debug|Any CPU
		{7C0A5697-4B45-4EE1-BB35-EDD87A440238}.Debug|Any CPU.Build.0 = Debug|Any CPU
		{7C0A5697-4B45-4EE1-BB35-EDD87A440238}.Release|Any CPU.ActiveCfg = Release|Any CPU
		{7C0A5697-4B45-4EE1-BB35-EDD87A440238}.Release|Any CPU.Build.0 = Release|Any CPU
		{773F9A23-0158-44C0-B9CA-838EACF7BC59}.Debug|Any CPU.ActiveCfg = Debug|Any CPU
		{773F9A23-0158-44C0-B9CA-838EACF7BC59}.Debug|Any CPU.Build.0 = Debug|Any CPU
		{773F9A23-0158-44C0-B9CA-838EACF7BC59}.Release|Any CPU.ActiveCfg = Release|Any CPU
		{773F9A23-0158-44C0-B9CA-838EACF7BC59}.Release|Any CPU.Build.0 = Release|Any CPU
		{37B29697-A876-42C3-B0C2-32AD83896AB5}.Debug|Any CPU.ActiveCfg = Debug|Any CPU
		{37B29697-A876-42C3-B0C2-32AD83896AB5}.Debug|Any CPU.Build.0 = Debug|Any CPU
		{37B29697-A876-42C3-B0C2-32AD83896AB5}.Release|Any CPU.ActiveCfg = Release|Any CPU
		{37B29697-A876-42C3-B0C2-32AD83896AB5}.Release|Any CPU.Build.0 = Release|Any CPU
		{71C0F8A4-7133-49E2-9FDE-CE86317B0738}.Debug|Any CPU.ActiveCfg = Debug|Any CPU
		{71C0F8A4-7133-49E2-9FDE-CE86317B0738}.Debug|Any CPU.Build.0 = Debug|Any CPU
		{71C0F8A4-7133-49E2-9FDE-CE86317B0738}.Release|Any CPU.ActiveCfg = Release|Any CPU
		{71C0F8A4-7133-49E2-9FDE-CE86317B0738}.Release|Any CPU.Build.0 = Release|Any CPU
		{D2F626B5-01F0-4F1B-8A92-BC87D6A1A382}.Debug|Any CPU.ActiveCfg = Debug|Any CPU
		{D2F626B5-01F0-4F1B-8A92-BC87D6A1A382}.Debug|Any CPU.Build.0 = Debug|Any CPU
		{D2F626B5-01F0-4F1B-8A92-BC87D6A1A382}.Release|Any CPU.ActiveCfg = Release|Any CPU
		{D2F626B5-01F0-4F1B-8A92-BC87D6A1A382}.Release|Any CPU.Build.0 = Release|Any CPU
		{53EAD60B-DF68-4A37-9813-E2FC2DB144B1}.Debug|Any CPU.ActiveCfg = Debug|Any CPU
		{53EAD60B-DF68-4A37-9813-E2FC2DB144B1}.Debug|Any CPU.Build.0 = Debug|Any CPU
		{53EAD60B-DF68-4A37-9813-E2FC2DB144B1}.Release|Any CPU.ActiveCfg = Release|Any CPU
		{53EAD60B-DF68-4A37-9813-E2FC2DB144B1}.Release|Any CPU.Build.0 = Release|Any CPU
		{8EADDB83-A31E-4F48-8467-ADE49CB7D446}.Debug|Any CPU.ActiveCfg = Debug|Any CPU
		{8EADDB83-A31E-4F48-8467-ADE49CB7D446}.Debug|Any CPU.Build.0 = Debug|Any CPU
		{8EADDB83-A31E-4F48-8467-ADE49CB7D446}.Release|Any CPU.ActiveCfg = Release|Any CPU
		{8EADDB83-A31E-4F48-8467-ADE49CB7D446}.Release|Any CPU.Build.0 = Release|Any CPU
		{95DB357D-9D41-4469-B752-85D68245F77B}.Debug|Any CPU.ActiveCfg = Debug|Any CPU
		{95DB357D-9D41-4469-B752-85D68245F77B}.Debug|Any CPU.Build.0 = Debug|Any CPU
		{95DB357D-9D41-4469-B752-85D68245F77B}.Release|Any CPU.ActiveCfg = Release|Any CPU
		{95DB357D-9D41-4469-B752-85D68245F77B}.Release|Any CPU.Build.0 = Release|Any CPU
		{12CA0FEC-458B-409E-9572-78BBC1C1D1F5}.Debug|Any CPU.ActiveCfg = Debug|Any CPU
		{12CA0FEC-458B-409E-9572-78BBC1C1D1F5}.Debug|Any CPU.Build.0 = Debug|Any CPU
		{12CA0FEC-458B-409E-9572-78BBC1C1D1F5}.Release|Any CPU.ActiveCfg = Release|Any CPU
		{12CA0FEC-458B-409E-9572-78BBC1C1D1F5}.Release|Any CPU.Build.0 = Release|Any CPU
		{DD68BBED-D2CD-429C-9FF9-F816B80C22DC}.Debug|Any CPU.ActiveCfg = Debug|Any CPU
		{DD68BBED-D2CD-429C-9FF9-F816B80C22DC}.Debug|Any CPU.Build.0 = Debug|Any CPU
		{DD68BBED-D2CD-429C-9FF9-F816B80C22DC}.Release|Any CPU.ActiveCfg = Release|Any CPU
		{DD68BBED-D2CD-429C-9FF9-F816B80C22DC}.Release|Any CPU.Build.0 = Release|Any CPU
		{5E1EE99C-55F1-4C14-B585-57039E875187}.Debug|Any CPU.ActiveCfg = Debug|Any CPU
		{5E1EE99C-55F1-4C14-B585-57039E875187}.Debug|Any CPU.Build.0 = Debug|Any CPU
		{5E1EE99C-55F1-4C14-B585-57039E875187}.Release|Any CPU.ActiveCfg = Release|Any CPU
		{5E1EE99C-55F1-4C14-B585-57039E875187}.Release|Any CPU.Build.0 = Release|Any CPU
		{F398FCA4-01C6-4733-AB5A-7F6697E24227}.Debug|Any CPU.ActiveCfg = Debug|Any CPU
		{F398FCA4-01C6-4733-AB5A-7F6697E24227}.Debug|Any CPU.Build.0 = Debug|Any CPU
		{F398FCA4-01C6-4733-AB5A-7F6697E24227}.Release|Any CPU.ActiveCfg = Release|Any CPU
		{F398FCA4-01C6-4733-AB5A-7F6697E24227}.Release|Any CPU.Build.0 = Release|Any CPU
		{E91D27C6-D805-43D6-8ACE-E27D8F5B89AB}.Debug|Any CPU.ActiveCfg = Debug|Any CPU
		{E91D27C6-D805-43D6-8ACE-E27D8F5B89AB}.Debug|Any CPU.Build.0 = Debug|Any CPU
		{E91D27C6-D805-43D6-8ACE-E27D8F5B89AB}.Release|Any CPU.ActiveCfg = Release|Any CPU
		{E91D27C6-D805-43D6-8ACE-E27D8F5B89AB}.Release|Any CPU.Build.0 = Release|Any CPU
		{6DD14A85-CCFC-4774-BD26-0F5772512319}.Debug|Any CPU.ActiveCfg = Debug|Any CPU
		{6DD14A85-CCFC-4774-BD26-0F5772512319}.Debug|Any CPU.Build.0 = Debug|Any CPU
		{6DD14A85-CCFC-4774-BD26-0F5772512319}.Release|Any CPU.ActiveCfg = Release|Any CPU
		{6DD14A85-CCFC-4774-BD26-0F5772512319}.Release|Any CPU.Build.0 = Release|Any CPU
		{C75532C4-765B-418E-B09B-46D36B2ABDB1}.Debug|Any CPU.ActiveCfg = Debug|Any CPU
		{C75532C4-765B-418E-B09B-46D36B2ABDB1}.Debug|Any CPU.Build.0 = Debug|Any CPU
		{C75532C4-765B-418E-B09B-46D36B2ABDB1}.Release|Any CPU.ActiveCfg = Release|Any CPU
		{C75532C4-765B-418E-B09B-46D36B2ABDB1}.Release|Any CPU.Build.0 = Release|Any CPU
	EndGlobalSection
	GlobalSection(SolutionProperties) = preSolution
		HideSolutionNode = FALSE
	EndGlobalSection
	GlobalSection(NestedProjects) = preSolution
		{2CAF91C7-53CD-4E6F-9FC2-DA6D00E3440E} = {3B05123D-C63B-481B-98A0-83949D91E9D9}
		{B69BA063-021B-43B7-9D30-EFF160F4FBC2} = {3B05123D-C63B-481B-98A0-83949D91E9D9}
		{CA3848E1-45B2-4410-AC3E-0343B98FCC4A} = {3B05123D-C63B-481B-98A0-83949D91E9D9}
		{7C0A5697-4B45-4EE1-BB35-EDD87A440238} = {A4759BBF-A4DA-4CC4-A31B-C15A4821340B}
		{773F9A23-0158-44C0-B9CA-838EACF7BC59} = {A4759BBF-A4DA-4CC4-A31B-C15A4821340B}
		{37B29697-A876-42C3-B0C2-32AD83896AB5} = {A4759BBF-A4DA-4CC4-A31B-C15A4821340B}
		{71C0F8A4-7133-49E2-9FDE-CE86317B0738} = {8B3F4BB3-11CF-4667-8ACA-D834D8DE2439}
		{D2F626B5-01F0-4F1B-8A92-BC87D6A1A382} = {321C7F97-B715-48F8-A8F8-F08D97919E4C}
		{53EAD60B-DF68-4A37-9813-E2FC2DB144B1} = {F1BC3400-510C-4A85-8F4F-7262BDA08516}
		{8EADDB83-A31E-4F48-8467-ADE49CB7D446} = {F1BC3400-510C-4A85-8F4F-7262BDA08516}
		{95DB357D-9D41-4469-B752-85D68245F77B} = {F1BC3400-510C-4A85-8F4F-7262BDA08516}
		{12CA0FEC-458B-409E-9572-78BBC1C1D1F5} = {6C41C38B-38C1-4515-8175-A3E97BCBB55A}
		{DD68BBED-D2CD-429C-9FF9-F816B80C22DC} = {05A25E2F-056E-49A8-9647-AB758FCCCC58}
		{5E1EE99C-55F1-4C14-B585-57039E875187} = {05A25E2F-056E-49A8-9647-AB758FCCCC58}
		{F398FCA4-01C6-4733-AB5A-7F6697E24227} = {05A25E2F-056E-49A8-9647-AB758FCCCC58}
		{E91D27C6-D805-43D6-8ACE-E27D8F5B89AB} = {A29CA26C-2A4C-414A-ACC2-54C55D257F11}
		{6DD14A85-CCFC-4774-BD26-0F5772512319} = {BE5890BD-5B3D-4323-8AC5-5CDA744CED51}
		{C75532C4-765B-418E-B09B-46D36B2ABDB1} = {BE5890BD-5B3D-4323-8AC5-5CDA744CED51}
	EndGlobalSection
	GlobalSection(ExtensibilityGlobals) = postSolution
		SolutionGuid = {DA0E44D4-6038-440E-9DBB-F98DD8B9AB23}
	EndGlobalSection
EndGlobal
